
Microsoft Visual Studio Solution File, Format Version 12.00
# Visual Studio Version 17
VisualStudioVersion = 17.7.34024.191
MinimumVisualStudioVersion = 10.0.40219.1
Project("{9A19103F-16F7-4668-BE54-9A1E7A4F7556}") = "cl_models", "cl_models\cl_models.csproj", "{98E19A9B-A514-47A7-B9EE-B16A5327152F}"
EndProject
Project("{9A19103F-16F7-4668-BE54-9A1E7A4F7556}") = "cl_dal", "cl_dal\cl_dal.csproj", "{57DEC478-9C0C-4ABF-8DCA-2B7F40B94EA3}"
EndProject
Project("{9A19103F-16F7-4668-BE54-9A1E7A4F7556}") = "ui_wfa_sys_acedemico", "ui_wfa_sys_acedemico\ui_wfa_sys_acedemico.csproj", "{7798CD43-1FB6-4ADE-AFEF-AEF49CF58B08}"
EndProject
Project("{FAE04EC0-301F-11D3-BF4B-00C04F79EFBC}") = "cl_bll", "cl_bll\cl_bll.csproj", "{6E8FD62A-7630-489B-BB65-834D8C479DAE}"
EndProject
Global
	GlobalSection(SolutionConfigurationPlatforms) = preSolution
		Debug|Any CPU = Debug|Any CPU
		Release|Any CPU = Release|Any CPU
	EndGlobalSection
	GlobalSection(ProjectConfigurationPlatforms) = postSolution
		{98E19A9B-A514-47A7-B9EE-B16A5327152F}.Debug|Any CPU.ActiveCfg = Debug|Any CPU
		{98E19A9B-A514-47A7-B9EE-B16A5327152F}.Debug|Any CPU.Build.0 = Debug|Any CPU
		{98E19A9B-A514-47A7-B9EE-B16A5327152F}.Release|Any CPU.ActiveCfg = Release|Any CPU
		{98E19A9B-A514-47A7-B9EE-B16A5327152F}.Release|Any CPU.Build.0 = Release|Any CPU
		{57DEC478-9C0C-4ABF-8DCA-2B7F40B94EA3}.Debug|Any CPU.ActiveCfg = Debug|Any CPU
		{57DEC478-9C0C-4ABF-8DCA-2B7F40B94EA3}.Debug|Any CPU.Build.0 = Debug|Any CPU
		{57DEC478-9C0C-4ABF-8DCA-2B7F40B94EA3}.Release|Any CPU.ActiveCfg = Release|Any CPU
		{57DEC478-9C0C-4ABF-8DCA-2B7F40B94EA3}.Release|Any CPU.Build.0 = Release|Any CPU
		{7798CD43-1FB6-4ADE-AFEF-AEF49CF58B08}.Debug|Any CPU.ActiveCfg = Debug|Any CPU
		{7798CD43-1FB6-4ADE-AFEF-AEF49CF58B08}.Debug|Any CPU.Build.0 = Debug|Any CPU
		{7798CD43-1FB6-4ADE-AFEF-AEF49CF58B08}.Release|Any CPU.ActiveCfg = Release|Any CPU
		{7798CD43-1FB6-4ADE-AFEF-AEF49CF58B08}.Release|Any CPU.Build.0 = Release|Any CPU
		{6E8FD62A-7630-489B-BB65-834D8C479DAE}.Debug|Any CPU.ActiveCfg = Debug|Any CPU
		{6E8FD62A-7630-489B-BB65-834D8C479DAE}.Debug|Any CPU.Build.0 = Debug|Any CPU
		{6E8FD62A-7630-489B-BB65-834D8C479DAE}.Release|Any CPU.ActiveCfg = Release|Any CPU
		{6E8FD62A-7630-489B-BB65-834D8C479DAE}.Release|Any CPU.Build.0 = Release|Any CPU
	EndGlobalSection
	GlobalSection(SolutionProperties) = preSolution
		HideSolutionNode = FALSE
	EndGlobalSection
	GlobalSection(ExtensibilityGlobals) = postSolution
		SolutionGuid = {390C3F55-8237-4E23-80A4-A67984FE462B}
	EndGlobalSection
EndGlobal
